// !$*UTF8*$!
{
	archiveVersion = 1;
	classes = {
	};
	objectVersion = 56;
	objects = {

/* Begin PBXBuildFile section */
		7E4F4C97297D08A800F7A660 /* Array+Extensions.swift in Sources */ = {isa = PBXBuildFile; fileRef = 7E4F4C96297D08A800F7A660 /* Array+Extensions.swift */; };
		7E69EF97297CA0FA00E7BCB8 /* MenuBarView.swift in Sources */ = {isa = PBXBuildFile; fileRef = 7E69EF96297CA0FA00E7BCB8 /* MenuBarView.swift */; };
		7E69EF9A297CA36B00E7BCB8 /* Store.swift in Sources */ = {isa = PBXBuildFile; fileRef = 7E69EF99297CA36B00E7BCB8 /* Store.swift */; };
		7E69EF9E297CAC0B00E7BCB8 /* OnboardingWindow.swift in Sources */ = {isa = PBXBuildFile; fileRef = 7E69EF9D297CAC0B00E7BCB8 /* OnboardingWindow.swift */; };
		7E69EFA0297CD40000E7BCB8 /* Message.swift in Sources */ = {isa = PBXBuildFile; fileRef = 7E69EF9F297CD40000E7BCB8 /* Message.swift */; };
		7E69EFA2297CD41100E7BCB8 /* SecurityCode.swift in Sources */ = {isa = PBXBuildFile; fileRef = 7E69EFA1297CD41100E7BCB8 /* SecurityCode.swift */; };
		7E69EFA5297CD9F800E7BCB8 /* Actions.swift in Sources */ = {isa = PBXBuildFile; fileRef = 7E69EFA4297CD9F800E7BCB8 /* Actions.swift */; };
		7E69EFA7297CDA0A00E7BCB8 /* State.swift in Sources */ = {isa = PBXBuildFile; fileRef = 7E69EFA6297CDA0A00E7BCB8 /* State.swift */; };
		7E69EFA9297CDB2800E7BCB8 /* Reducer.swift in Sources */ = {isa = PBXBuildFile; fileRef = 7E69EFA8297CDB2800E7BCB8 /* Reducer.swift */; };
		7E69EFAB297CDB7800E7BCB8 /* MonitoringStatus.swift in Sources */ = {isa = PBXBuildFile; fileRef = 7E69EFAA297CDB7800E7BCB8 /* MonitoringStatus.swift */; };
		7E69EFB0297CDDC800E7BCB8 /* NotificationClient.swift in Sources */ = {isa = PBXBuildFile; fileRef = 7E69EFAF297CDDC800E7BCB8 /* NotificationClient.swift */; };
		7E69EFB5297CE07600E7BCB8 /* Environment.swift in Sources */ = {isa = PBXBuildFile; fileRef = 7E69EFB4297CE07600E7BCB8 /* Environment.swift */; };
		7E69EFB7297CE14A00E7BCB8 /* ApplicationClient.swift in Sources */ = {isa = PBXBuildFile; fileRef = 7E69EFB6297CE14A00E7BCB8 /* ApplicationClient.swift */; };
		7E69EFB9297CE42200E7BCB8 /* Optional+Extensions.swift in Sources */ = {isa = PBXBuildFile; fileRef = 7E69EFB8297CE42200E7BCB8 /* Optional+Extensions.swift */; };
		7E69EFBC297CE54600E7BCB8 /* UNAuthorizationStatus+Extensions.swift in Sources */ = {isa = PBXBuildFile; fileRef = 7E69EFBB297CE54600E7BCB8 /* UNAuthorizationStatus+Extensions.swift */; };
		7E69EFBE297CEB2000E7BCB8 /* MessageClient.swift in Sources */ = {isa = PBXBuildFile; fileRef = 7E69EFBD297CEB2000E7BCB8 /* MessageClient.swift */; };
		7E69EFC0297CEBC300E7BCB8 /* PermissionClient.swift in Sources */ = {isa = PBXBuildFile; fileRef = 7E69EFBF297CEBC300E7BCB8 /* PermissionClient.swift */; };
		7E69EFC2297CF62D00E7BCB8 /* Constants.swift in Sources */ = {isa = PBXBuildFile; fileRef = 7E69EFC1297CF62D00E7BCB8 /* Constants.swift */; };
		7E81E29A297D25530049A64F /* ServiceManagement.framework in Frameworks */ = {isa = PBXBuildFile; fileRef = 7E81E299297D25530049A64F /* ServiceManagement.framework */; };
		7EA9DA71297B6E8F00B37A41 /* App.swift in Sources */ = {isa = PBXBuildFile; fileRef = 7EA9DA70297B6E8F00B37A41 /* App.swift */; };
		7EA9DA73297B6E8F00B37A41 /* OnboardingView.swift in Sources */ = {isa = PBXBuildFile; fileRef = 7EA9DA72297B6E8F00B37A41 /* OnboardingView.swift */; };
		7EA9DA75297B6E9000B37A41 /* Assets.xcassets in Resources */ = {isa = PBXBuildFile; fileRef = 7EA9DA74297B6E9000B37A41 /* Assets.xcassets */; };
		7EA9DA82297BA06000B37A41 /* Delegate.swift in Sources */ = {isa = PBXBuildFile; fileRef = 7EA9DA81297BA06000B37A41 /* Delegate.swift */; };
/* End PBXBuildFile section */

/* Begin PBXFileReference section */
		7E4F4C96297D08A800F7A660 /* Array+Extensions.swift */ = {isa = PBXFileReference; lastKnownFileType = sourcecode.swift; path = "Array+Extensions.swift"; sourceTree = "<group>"; };
		7E69EF96297CA0FA00E7BCB8 /* MenuBarView.swift */ = {isa = PBXFileReference; lastKnownFileType = sourcecode.swift; path = MenuBarView.swift; sourceTree = "<group>"; };
		7E69EF99297CA36B00E7BCB8 /* Store.swift */ = {isa = PBXFileReference; lastKnownFileType = sourcecode.swift; path = Store.swift; sourceTree = "<group>"; };
		7E69EF9D297CAC0B00E7BCB8 /* OnboardingWindow.swift */ = {isa = PBXFileReference; lastKnownFileType = sourcecode.swift; path = OnboardingWindow.swift; sourceTree = "<group>"; };
		7E69EF9F297CD40000E7BCB8 /* Message.swift */ = {isa = PBXFileReference; lastKnownFileType = sourcecode.swift; path = Message.swift; sourceTree = "<group>"; };
		7E69EFA1297CD41100E7BCB8 /* SecurityCode.swift */ = {isa = PBXFileReference; lastKnownFileType = sourcecode.swift; path = SecurityCode.swift; sourceTree = "<group>"; };
		7E69EFA4297CD9F800E7BCB8 /* Actions.swift */ = {isa = PBXFileReference; lastKnownFileType = sourcecode.swift; path = Actions.swift; sourceTree = "<group>"; };
		7E69EFA6297CDA0A00E7BCB8 /* State.swift */ = {isa = PBXFileReference; lastKnownFileType = sourcecode.swift; path = State.swift; sourceTree = "<group>"; };
		7E69EFA8297CDB2800E7BCB8 /* Reducer.swift */ = {isa = PBXFileReference; lastKnownFileType = sourcecode.swift; path = Reducer.swift; sourceTree = "<group>"; };
		7E69EFAA297CDB7800E7BCB8 /* MonitoringStatus.swift */ = {isa = PBXFileReference; lastKnownFileType = sourcecode.swift; path = MonitoringStatus.swift; sourceTree = "<group>"; };
		7E69EFAF297CDDC800E7BCB8 /* NotificationClient.swift */ = {isa = PBXFileReference; lastKnownFileType = sourcecode.swift; path = NotificationClient.swift; sourceTree = "<group>"; };
		7E69EFB4297CE07600E7BCB8 /* Environment.swift */ = {isa = PBXFileReference; lastKnownFileType = sourcecode.swift; path = Environment.swift; sourceTree = "<group>"; };
		7E69EFB6297CE14A00E7BCB8 /* ApplicationClient.swift */ = {isa = PBXFileReference; lastKnownFileType = sourcecode.swift; path = ApplicationClient.swift; sourceTree = "<group>"; };
		7E69EFB8297CE42200E7BCB8 /* Optional+Extensions.swift */ = {isa = PBXFileReference; lastKnownFileType = sourcecode.swift; path = "Optional+Extensions.swift"; sourceTree = "<group>"; };
		7E69EFBB297CE54600E7BCB8 /* UNAuthorizationStatus+Extensions.swift */ = {isa = PBXFileReference; lastKnownFileType = sourcecode.swift; path = "UNAuthorizationStatus+Extensions.swift"; sourceTree = "<group>"; };
		7E69EFBD297CEB2000E7BCB8 /* MessageClient.swift */ = {isa = PBXFileReference; lastKnownFileType = sourcecode.swift; path = MessageClient.swift; sourceTree = "<group>"; };
		7E69EFBF297CEBC300E7BCB8 /* PermissionClient.swift */ = {isa = PBXFileReference; lastKnownFileType = sourcecode.swift; path = PermissionClient.swift; sourceTree = "<group>"; };
		7E69EFC1297CF62D00E7BCB8 /* Constants.swift */ = {isa = PBXFileReference; lastKnownFileType = sourcecode.swift; path = Constants.swift; sourceTree = "<group>"; };
		7E81E299297D25530049A64F /* ServiceManagement.framework */ = {isa = PBXFileReference; lastKnownFileType = wrapper.framework; name = ServiceManagement.framework; path = System/Library/Frameworks/ServiceManagement.framework; sourceTree = SDKROOT; };
		7EA9DA6D297B6E8F00B37A41 /* Auto2FA.app */ = {isa = PBXFileReference; explicitFileType = wrapper.application; includeInIndex = 0; path = Auto2FA.app; sourceTree = BUILT_PRODUCTS_DIR; };
		7EA9DA70297B6E8F00B37A41 /* App.swift */ = {isa = PBXFileReference; lastKnownFileType = sourcecode.swift; path = App.swift; sourceTree = "<group>"; };
		7EA9DA72297B6E8F00B37A41 /* OnboardingView.swift */ = {isa = PBXFileReference; lastKnownFileType = sourcecode.swift; path = OnboardingView.swift; sourceTree = "<group>"; };
		7EA9DA74297B6E9000B37A41 /* Assets.xcassets */ = {isa = PBXFileReference; lastKnownFileType = folder.assetcatalog; path = Assets.xcassets; sourceTree = "<group>"; };
		7EA9DA79297B6E9000B37A41 /* Auto2FA.entitlements */ = {isa = PBXFileReference; lastKnownFileType = text.plist.entitlements; path = Auto2FA.entitlements; sourceTree = "<group>"; };
		7EA9DA7F297B6FA000B37A41 /* Info.plist */ = {isa = PBXFileReference; lastKnownFileType = text.plist; path = Info.plist; sourceTree = "<group>"; };
		7EA9DA81297BA06000B37A41 /* Delegate.swift */ = {isa = PBXFileReference; lastKnownFileType = sourcecode.swift; path = Delegate.swift; sourceTree = "<group>"; };
/* End PBXFileReference section */

/* Begin PBXFrameworksBuildPhase section */
		7EA9DA6A297B6E8F00B37A41 /* Frameworks */ = {
			isa = PBXFrameworksBuildPhase;
			buildActionMask = 2147483647;
			files = (
				7E81E29A297D25530049A64F /* ServiceManagement.framework in Frameworks */,
			);
			runOnlyForDeploymentPostprocessing = 0;
		};
/* End PBXFrameworksBuildPhase section */

/* Begin PBXGroup section */
		7E69EF98297CA32900E7BCB8 /* State */ = {
			isa = PBXGroup;
			children = (
				7E69EFA4297CD9F800E7BCB8 /* Actions.swift */,
				7E69EFB4297CE07600E7BCB8 /* Environment.swift */,
				7E69EFA8297CDB2800E7BCB8 /* Reducer.swift */,
				7E69EFA6297CDA0A00E7BCB8 /* State.swift */,
				7E69EF99297CA36B00E7BCB8 /* Store.swift */,
			);
			path = State;
			sourceTree = "<group>";
		};
		7E69EFA3297CD41600E7BCB8 /* Models */ = {
			isa = PBXGroup;
			children = (
				7E69EF9F297CD40000E7BCB8 /* Message.swift */,
				7E69EFAA297CDB7800E7BCB8 /* MonitoringStatus.swift */,
				7E69EFA1297CD41100E7BCB8 /* SecurityCode.swift */,
			);
			path = Models;
			sourceTree = "<group>";
		};
		7E69EFAE297CDDB800E7BCB8 /* Clients */ = {
			isa = PBXGroup;
			children = (
				7E69EFB6297CE14A00E7BCB8 /* ApplicationClient.swift */,
				7E69EFBD297CEB2000E7BCB8 /* MessageClient.swift */,
				7E69EFAF297CDDC800E7BCB8 /* NotificationClient.swift */,
				7E69EFBF297CEBC300E7BCB8 /* PermissionClient.swift */,
			);
			path = Clients;
			sourceTree = "<group>";
		};
		7E69EFBA297CE42E00E7BCB8 /* Extensions */ = {
			isa = PBXGroup;
			children = (
				7E4F4C96297D08A800F7A660 /* Array+Extensions.swift */,
				7E69EFB8297CE42200E7BCB8 /* Optional+Extensions.swift */,
				7E69EFBB297CE54600E7BCB8 /* UNAuthorizationStatus+Extensions.swift */,
			);
			path = Extensions;
			sourceTree = "<group>";
		};
		7E81E298297D25530049A64F /* Frameworks */ = {
			isa = PBXGroup;
			children = (
				7E81E299297D25530049A64F /* ServiceManagement.framework */,
			);
			name = Frameworks;
			sourceTree = "<group>";
		};
		7EA9DA64297B6E8F00B37A41 = {
			isa = PBXGroup;
			children = (
				7EA9DA6F297B6E8F00B37A41 /* Auto2FA */,
				7EA9DA6E297B6E8F00B37A41 /* Products */,
				7E81E298297D25530049A64F /* Frameworks */,
			);
			sourceTree = "<group>";
		};
		7EA9DA6E297B6E8F00B37A41 /* Products */ = {
			isa = PBXGroup;
			children = (
				7EA9DA6D297B6E8F00B37A41 /* Auto2FA.app */,
			);
			name = Products;
			sourceTree = "<group>";
		};
		7EA9DA6F297B6E8F00B37A41 /* Auto2FA */ = {
			isa = PBXGroup;
			children = (
				7EA9DA7F297B6FA000B37A41 /* Info.plist */,
				7EA9DA80297BA05300B37A41 /* App */,
				7E69EFAE297CDDB800E7BCB8 /* Clients */,
				7E69EFBA297CE42E00E7BCB8 /* Extensions */,
				7E69EFA3297CD41600E7BCB8 /* Models */,
				7E69EF98297CA32900E7BCB8 /* State */,
				7EA9DA83297BA4DD00B37A41 /* Views */,
				7EA9DA74297B6E9000B37A41 /* Assets.xcassets */,
				7EA9DA79297B6E9000B37A41 /* Auto2FA.entitlements */,
			);
			path = Auto2FA;
			sourceTree = "<group>";
		};
		7EA9DA80297BA05300B37A41 /* App */ = {
			isa = PBXGroup;
			children = (
				7EA9DA70297B6E8F00B37A41 /* App.swift */,
				7E69EFC1297CF62D00E7BCB8 /* Constants.swift */,
				7EA9DA81297BA06000B37A41 /* Delegate.swift */,
			);
			path = App;
			sourceTree = "<group>";
		};
		7EA9DA83297BA4DD00B37A41 /* Views */ = {
			isa = PBXGroup;
			children = (
				7E69EF96297CA0FA00E7BCB8 /* MenuBarView.swift */,
				7EA9DA72297B6E8F00B37A41 /* OnboardingView.swift */,
				7E69EF9D297CAC0B00E7BCB8 /* OnboardingWindow.swift */,
			);
			path = Views;
			sourceTree = "<group>";
		};
/* End PBXGroup section */

/* Begin PBXNativeTarget section */
		7EA9DA6C297B6E8F00B37A41 /* Auto2FA */ = {
			isa = PBXNativeTarget;
			buildConfigurationList = 7EA9DA7C297B6E9000B37A41 /* Build configuration list for PBXNativeTarget "Auto2FA" */;
			buildPhases = (
				7EA9DA69297B6E8F00B37A41 /* Sources */,
				7EA9DA6A297B6E8F00B37A41 /* Frameworks */,
				7EA9DA6B297B6E8F00B37A41 /* Resources */,
			);
			buildRules = (
			);
			dependencies = (
			);
			name = Auto2FA;
			productName = AutoSMS;
			productReference = 7EA9DA6D297B6E8F00B37A41 /* Auto2FA.app */;
			productType = "com.apple.product-type.application";
		};
/* End PBXNativeTarget section */

/* Begin PBXProject section */
		7EA9DA65297B6E8F00B37A41 /* Project object */ = {
			isa = PBXProject;
			attributes = {
				BuildIndependentTargetsInParallel = 1;
				LastSwiftUpdateCheck = 1420;
				LastUpgradeCheck = 1420;
				TargetAttributes = {
					7EA9DA6C297B6E8F00B37A41 = {
						CreatedOnToolsVersion = 14.2;
					};
				};
			};
			buildConfigurationList = 7EA9DA68297B6E8F00B37A41 /* Build configuration list for PBXProject "Auto2FA" */;
			compatibilityVersion = "Xcode 14.0";
			developmentRegion = en;
			hasScannedForEncodings = 0;
			knownRegions = (
				en,
				Base,
			);
			mainGroup = 7EA9DA64297B6E8F00B37A41;
			productRefGroup = 7EA9DA6E297B6E8F00B37A41 /* Products */;
			projectDirPath = "";
			projectRoot = "";
			targets = (
				7EA9DA6C297B6E8F00B37A41 /* Auto2FA */,
			);
		};
/* End PBXProject section */

/* Begin PBXResourcesBuildPhase section */
		7EA9DA6B297B6E8F00B37A41 /* Resources */ = {
			isa = PBXResourcesBuildPhase;
			buildActionMask = 2147483647;
			files = (
				7EA9DA75297B6E9000B37A41 /* Assets.xcassets in Resources */,
			);
			runOnlyForDeploymentPostprocessing = 0;
		};
/* End PBXResourcesBuildPhase section */

/* Begin PBXSourcesBuildPhase section */
		7EA9DA69297B6E8F00B37A41 /* Sources */ = {
			isa = PBXSourcesBuildPhase;
			buildActionMask = 2147483647;
			files = (
				7E69EFB7297CE14A00E7BCB8 /* ApplicationClient.swift in Sources */,
				7E69EF9A297CA36B00E7BCB8 /* Store.swift in Sources */,
				7E69EF9E297CAC0B00E7BCB8 /* OnboardingWindow.swift in Sources */,
				7E69EFA9297CDB2800E7BCB8 /* Reducer.swift in Sources */,
				7E69EFC0297CEBC300E7BCB8 /* PermissionClient.swift in Sources */,
				7E69EFB5297CE07600E7BCB8 /* Environment.swift in Sources */,
				7E69EFB9297CE42200E7BCB8 /* Optional+Extensions.swift in Sources */,
				7EA9DA82297BA06000B37A41 /* Delegate.swift in Sources */,
				7E69EFB0297CDDC800E7BCB8 /* NotificationClient.swift in Sources */,
				7E69EFA7297CDA0A00E7BCB8 /* State.swift in Sources */,
				7E4F4C97297D08A800F7A660 /* Array+Extensions.swift in Sources */,
				7E69EF97297CA0FA00E7BCB8 /* MenuBarView.swift in Sources */,
				7E69EFBC297CE54600E7BCB8 /* UNAuthorizationStatus+Extensions.swift in Sources */,
				7EA9DA73297B6E8F00B37A41 /* OnboardingView.swift in Sources */,
				7E69EFBE297CEB2000E7BCB8 /* MessageClient.swift in Sources */,
				7E69EFAB297CDB7800E7BCB8 /* MonitoringStatus.swift in Sources */,
				7E69EFC2297CF62D00E7BCB8 /* Constants.swift in Sources */,
				7E69EFA5297CD9F800E7BCB8 /* Actions.swift in Sources */,
				7E69EFA0297CD40000E7BCB8 /* Message.swift in Sources */,
				7EA9DA71297B6E8F00B37A41 /* App.swift in Sources */,
				7E69EFA2297CD41100E7BCB8 /* SecurityCode.swift in Sources */,
			);
			runOnlyForDeploymentPostprocessing = 0;
		};
/* End PBXSourcesBuildPhase section */

/* Begin XCBuildConfiguration section */
		7EA9DA7A297B6E9000B37A41 /* Debug */ = {
			isa = XCBuildConfiguration;
			buildSettings = {
				ALWAYS_SEARCH_USER_PATHS = NO;
				CLANG_ANALYZER_NONNULL = YES;
				CLANG_ANALYZER_NUMBER_OBJECT_CONVERSION = YES_AGGRESSIVE;
				CLANG_CXX_LANGUAGE_STANDARD = "gnu++20";
				CLANG_ENABLE_MODULES = YES;
				CLANG_ENABLE_OBJC_ARC = YES;
				CLANG_ENABLE_OBJC_WEAK = YES;
				CLANG_WARN_BLOCK_CAPTURE_AUTORELEASING = YES;
				CLANG_WARN_BOOL_CONVERSION = YES;
				CLANG_WARN_COMMA = YES;
				CLANG_WARN_CONSTANT_CONVERSION = YES;
				CLANG_WARN_DEPRECATED_OBJC_IMPLEMENTATIONS = YES;
				CLANG_WARN_DIRECT_OBJC_ISA_USAGE = YES_ERROR;
				CLANG_WARN_DOCUMENTATION_COMMENTS = YES;
				CLANG_WARN_EMPTY_BODY = YES;
				CLANG_WARN_ENUM_CONVERSION = YES;
				CLANG_WARN_INFINITE_RECURSION = YES;
				CLANG_WARN_INT_CONVERSION = YES;
				CLANG_WARN_NON_LITERAL_NULL_CONVERSION = YES;
				CLANG_WARN_OBJC_IMPLICIT_RETAIN_SELF = YES;
				CLANG_WARN_OBJC_LITERAL_CONVERSION = YES;
				CLANG_WARN_OBJC_ROOT_CLASS = YES_ERROR;
				CLANG_WARN_QUOTED_INCLUDE_IN_FRAMEWORK_HEADER = YES;
				CLANG_WARN_RANGE_LOOP_ANALYSIS = YES;
				CLANG_WARN_STRICT_PROTOTYPES = YES;
				CLANG_WARN_SUSPICIOUS_MOVE = YES;
				CLANG_WARN_UNGUARDED_AVAILABILITY = YES_AGGRESSIVE;
				CLANG_WARN_UNREACHABLE_CODE = YES;
				CLANG_WARN__DUPLICATE_METHOD_MATCH = YES;
				COPY_PHASE_STRIP = NO;
				DEBUG_INFORMATION_FORMAT = dwarf;
				ENABLE_STRICT_OBJC_MSGSEND = YES;
				ENABLE_TESTABILITY = YES;
				GCC_C_LANGUAGE_STANDARD = gnu11;
				GCC_DYNAMIC_NO_PIC = NO;
				GCC_NO_COMMON_BLOCKS = YES;
				GCC_OPTIMIZATION_LEVEL = 0;
				GCC_PREPROCESSOR_DEFINITIONS = (
					"DEBUG=1",
					"$(inherited)",
				);
				GCC_WARN_64_TO_32_BIT_CONVERSION = YES;
				GCC_WARN_ABOUT_RETURN_TYPE = YES_ERROR;
				GCC_WARN_UNDECLARED_SELECTOR = YES;
				GCC_WARN_UNINITIALIZED_AUTOS = YES_AGGRESSIVE;
				GCC_WARN_UNUSED_FUNCTION = YES;
				GCC_WARN_UNUSED_VARIABLE = YES;
				MACOSX_DEPLOYMENT_TARGET = 13.1;
				MTL_ENABLE_DEBUG_INFO = INCLUDE_SOURCE;
				MTL_FAST_MATH = YES;
				ONLY_ACTIVE_ARCH = YES;
				SDKROOT = macosx;
				SWIFT_ACTIVE_COMPILATION_CONDITIONS = DEBUG;
				SWIFT_OPTIMIZATION_LEVEL = "-Onone";
			};
			name = Debug;
		};
		7EA9DA7B297B6E9000B37A41 /* Release */ = {
			isa = XCBuildConfiguration;
			buildSettings = {
				ALWAYS_SEARCH_USER_PATHS = NO;
				CLANG_ANALYZER_NONNULL = YES;
				CLANG_ANALYZER_NUMBER_OBJECT_CONVERSION = YES_AGGRESSIVE;
				CLANG_CXX_LANGUAGE_STANDARD = "gnu++20";
				CLANG_ENABLE_MODULES = YES;
				CLANG_ENABLE_OBJC_ARC = YES;
				CLANG_ENABLE_OBJC_WEAK = YES;
				CLANG_WARN_BLOCK_CAPTURE_AUTORELEASING = YES;
				CLANG_WARN_BOOL_CONVERSION = YES;
				CLANG_WARN_COMMA = YES;
				CLANG_WARN_CONSTANT_CONVERSION = YES;
				CLANG_WARN_DEPRECATED_OBJC_IMPLEMENTATIONS = YES;
				CLANG_WARN_DIRECT_OBJC_ISA_USAGE = YES_ERROR;
				CLANG_WARN_DOCUMENTATION_COMMENTS = YES;
				CLANG_WARN_EMPTY_BODY = YES;
				CLANG_WARN_ENUM_CONVERSION = YES;
				CLANG_WARN_INFINITE_RECURSION = YES;
				CLANG_WARN_INT_CONVERSION = YES;
				CLANG_WARN_NON_LITERAL_NULL_CONVERSION = YES;
				CLANG_WARN_OBJC_IMPLICIT_RETAIN_SELF = YES;
				CLANG_WARN_OBJC_LITERAL_CONVERSION = YES;
				CLANG_WARN_OBJC_ROOT_CLASS = YES_ERROR;
				CLANG_WARN_QUOTED_INCLUDE_IN_FRAMEWORK_HEADER = YES;
				CLANG_WARN_RANGE_LOOP_ANALYSIS = YES;
				CLANG_WARN_STRICT_PROTOTYPES = YES;
				CLANG_WARN_SUSPICIOUS_MOVE = YES;
				CLANG_WARN_UNGUARDED_AVAILABILITY = YES_AGGRESSIVE;
				CLANG_WARN_UNREACHABLE_CODE = YES;
				CLANG_WARN__DUPLICATE_METHOD_MATCH = YES;
				COPY_PHASE_STRIP = NO;
				DEBUG_INFORMATION_FORMAT = "dwarf-with-dsym";
				ENABLE_NS_ASSERTIONS = NO;
				ENABLE_STRICT_OBJC_MSGSEND = YES;
				GCC_C_LANGUAGE_STANDARD = gnu11;
				GCC_NO_COMMON_BLOCKS = YES;
				GCC_WARN_64_TO_32_BIT_CONVERSION = YES;
				GCC_WARN_ABOUT_RETURN_TYPE = YES_ERROR;
				GCC_WARN_UNDECLARED_SELECTOR = YES;
				GCC_WARN_UNINITIALIZED_AUTOS = YES_AGGRESSIVE;
				GCC_WARN_UNUSED_FUNCTION = YES;
				GCC_WARN_UNUSED_VARIABLE = YES;
				MACOSX_DEPLOYMENT_TARGET = 13.1;
				MTL_ENABLE_DEBUG_INFO = NO;
				MTL_FAST_MATH = YES;
				SDKROOT = macosx;
				SWIFT_COMPILATION_MODE = wholemodule;
				SWIFT_OPTIMIZATION_LEVEL = "-O";
			};
			name = Release;
		};
		7EA9DA7D297B6E9000B37A41 /* Debug */ = {
			isa = XCBuildConfiguration;
			buildSettings = {
				ASSETCATALOG_COMPILER_APPICON_NAME = AppIcon;
				ASSETCATALOG_COMPILER_GLOBAL_ACCENT_COLOR_NAME = AccentColor;
				CODE_SIGN_ENTITLEMENTS = Auto2FA/Auto2FA.entitlements;
				"CODE_SIGN_IDENTITY[sdk=macosx*]" = "Apple Development";
				CODE_SIGN_STYLE = Automatic;
				COMBINE_HIDPI_IMAGES = YES;
				CURRENT_PROJECT_VERSION = 1;
				DEBUG_INFORMATION_FORMAT = dwarf;
				DEVELOPMENT_TEAM = 4KLSEU7ZTX;
				ENABLE_HARDENED_RUNTIME = YES;
				ENABLE_PREVIEWS = YES;
				GENERATE_INFOPLIST_FILE = YES;
				INFOPLIST_FILE = Auto2FA/Info.plist;
				INFOPLIST_KEY_LSUIElement = YES;
				INFOPLIST_KEY_NSHumanReadableCopyright = "";
				LD_RUNPATH_SEARCH_PATHS = (
					"$(inherited)",
					"@executable_path/../Frameworks",
				);
				MACOSX_DEPLOYMENT_TARGET = 13.0;
				MARKETING_VERSION = 1.0;
				PRODUCT_BUNDLE_IDENTIFIER = com.jtbergman.Auto2FA;
				PRODUCT_NAME = "$(TARGET_NAME)";
				SWIFT_EMIT_LOC_STRINGS = YES;
				SWIFT_VERSION = 5.0;
			};
			name = Debug;
		};
		7EA9DA7E297B6E9000B37A41 /* Release */ = {
			isa = XCBuildConfiguration;
			buildSettings = {
				ASSETCATALOG_COMPILER_APPICON_NAME = AppIcon;
				ASSETCATALOG_COMPILER_GLOBAL_ACCENT_COLOR_NAME = AccentColor;
				CODE_SIGN_ENTITLEMENTS = Auto2FA/Auto2FA.entitlements;
				"CODE_SIGN_IDENTITY[sdk=macosx*]" = "Apple Development";
				CODE_SIGN_STYLE = Automatic;
				COMBINE_HIDPI_IMAGES = YES;
				CURRENT_PROJECT_VERSION = 1;
				DEVELOPMENT_TEAM = 4KLSEU7ZTX;
				ENABLE_HARDENED_RUNTIME = YES;
				ENABLE_PREVIEWS = YES;
				GENERATE_INFOPLIST_FILE = YES;
				INFOPLIST_FILE = Auto2FA/Info.plist;
				INFOPLIST_KEY_LSUIElement = YES;
				INFOPLIST_KEY_NSHumanReadableCopyright = "";
				LD_RUNPATH_SEARCH_PATHS = (
					"$(inherited)",
					"@executable_path/../Frameworks",
				);
				MACOSX_DEPLOYMENT_TARGET = 13.0;
				MARKETING_VERSION = 1.0;
				PRODUCT_BUNDLE_IDENTIFIER = com.jtbergman.Auto2FA;
				PRODUCT_NAME = "$(TARGET_NAME)";
				SWIFT_EMIT_LOC_STRINGS = YES;
				SWIFT_VERSION = 5.0;
			};
			name = Release;
		};
/* End XCBuildConfiguration section */

/* Begin XCConfigurationList section */
		7EA9DA68297B6E8F00B37A41 /* Build configuration list for PBXProject "Auto2FA" */ = {
			isa = XCConfigurationList;
			buildConfigurations = (
				7EA9DA7A297B6E9000B37A41 /* Debug */,
				7EA9DA7B297B6E9000B37A41 /* Release */,
			);
			defaultConfigurationIsVisible = 0;
			defaultConfigurationName = Release;
		};
		7EA9DA7C297B6E9000B37A41 /* Build configuration list for PBXNativeTarget "Auto2FA" */ = {
			isa = XCConfigurationList;
			buildConfigurations = (
				7EA9DA7D297B6E9000B37A41 /* Debug */,
				7EA9DA7E297B6E9000B37A41 /* Release */,
			);
			defaultConfigurationIsVisible = 0;
			defaultConfigurationName = Release;
		};
/* End XCConfigurationList section */
	};
	rootObject = 7EA9DA65297B6E8F00B37A41 /* Project object */;
}
